
Microsoft Visual Studio Solution File, Format Version 12.00
# Visual Studio 15
VisualStudioVersion = 15.0.27130.2027
MinimumVisualStudioVersion = 10.0.40219.1
Project("{FAE04EC0-301F-11D3-BF4B-00C04F79EFBC}") = "MIRI.Android", "MIRI\MIRI.Android\MIRI.Android.csproj", "{9E15AFEF-2C5A-4449-B90B-D4CBE4CA8018}"
EndProject
Project("{FAE04EC0-301F-11D3-BF4B-00C04F79EFBC}") = "MIRI.iOS", "MIRI\MIRI.iOS\MIRI.iOS.csproj", "{70C37EBF-976C-4FC1-9962-C0C55C1EDE2D}"
EndProject
Project("{FAE04EC0-301F-11D3-BF4B-00C04F79EFBC}") = "MIRI.UWP", "MIRI\MIRI.UWP\MIRI.UWP.csproj", "{1C5158B0-9F65-435D-88DB-DA6561844F2B}"
EndProject
Project("{D954291E-2A0B-460D-934E-DC6B0785DB48}") = "MIRI", "MIRI\MIRI\MIRI.shproj", "{E638C31D-57CB-40C5-B53B-F1EADFCC1AA8}"
EndProject
Global
	GlobalSection(SharedMSBuildProjectFiles) = preSolution
		MIRI\MIRI\MIRI.projitems*{1c5158b0-9f65-435d-88db-da6561844f2b}*SharedItemsImports = 4
		MIRI\MIRI\MIRI.projitems*{70c37ebf-976c-4fc1-9962-c0c55c1ede2d}*SharedItemsImports = 4
		MIRI\MIRI\MIRI.projitems*{9e15afef-2c5a-4449-b90b-d4cbe4ca8018}*SharedItemsImports = 4
		MIRI\MIRI\MIRI.projitems*{e638c31d-57cb-40c5-b53b-f1eadfcc1aa8}*SharedItemsImports = 13
	EndGlobalSection
	GlobalSection(SolutionConfigurationPlatforms) = preSolution
		Ad-Hoc|Any CPU = Ad-Hoc|Any CPU
		Ad-Hoc|ARM = Ad-Hoc|ARM
		Ad-Hoc|iPhone = Ad-Hoc|iPhone
		Ad-Hoc|iPhoneSimulator = Ad-Hoc|iPhoneSimulator
		Ad-Hoc|x64 = Ad-Hoc|x64
		Ad-Hoc|x86 = Ad-Hoc|x86
		AppStore|Any CPU = AppStore|Any CPU
		AppStore|ARM = AppStore|ARM
		AppStore|iPhone = AppStore|iPhone
		AppStore|iPhoneSimulator = AppStore|iPhoneSimulator
		AppStore|x64 = AppStore|x64
		AppStore|x86 = AppStore|x86
		Debug|Any CPU = Debug|Any CPU
		Debug|ARM = Debug|ARM
		Debug|iPhone = Debug|iPhone
		Debug|iPhoneSimulator = Debug|iPhoneSimulator
		Debug|x64 = Debug|x64
		Debug|x86 = Debug|x86
		Release|Any CPU = Release|Any CPU
		Release|ARM = Release|ARM
		Release|iPhone = Release|iPhone
		Release|iPhoneSimulator = Release|iPhoneSimulator
		Release|x64 = Release|x64
		Release|x86 = Release|x86
	EndGlobalSection
	GlobalSection(ProjectConfigurationPlatforms) = postSolution
		{9E15AFEF-2C5A-4449-B90B-D4CBE4CA8018}.Ad-Hoc|Any CPU.ActiveCfg = Release|Any CPU
		{9E15AFEF-2C5A-4449-B90B-D4CBE4CA8018}.Ad-Hoc|Any CPU.Build.0 = Release|Any CPU
		{9E15AFEF-2C5A-4449-B90B-D4CBE4CA8018}.Ad-Hoc|Any CPU.Deploy.0 = Release|Any CPU
		{9E15AFEF-2C5A-4449-B90B-D4CBE4CA8018}.Ad-Hoc|ARM.ActiveCfg = Release|Any CPU
		{9E15AFEF-2C5A-4449-B90B-D4CBE4CA8018}.Ad-Hoc|ARM.Build.0 = Release|Any CPU
		{9E15AFEF-2C5A-4449-B90B-D4CBE4CA8018}.Ad-Hoc|ARM.Deploy.0 = Release|Any CPU
		{9E15AFEF-2C5A-4449-B90B-D4CBE4CA8018}.Ad-Hoc|iPhone.ActiveCfg = Release|Any CPU
		{9E15AFEF-2C5A-4449-B90B-D4CBE4CA8018}.Ad-Hoc|iPhone.Build.0 = Release|Any CPU
		{9E15AFEF-2C5A-4449-B90B-D4CBE4CA8018}.Ad-Hoc|iPhone.Deploy.0 = Release|Any CPU
		{9E15AFEF-2C5A-4449-B90B-D4CBE4CA8018}.Ad-Hoc|iPhoneSimulator.ActiveCfg = Release|Any CPU
		{9E15AFEF-2C5A-4449-B90B-D4CBE4CA8018}.Ad-Hoc|iPhoneSimulator.Build.0 = Release|Any CPU
		{9E15AFEF-2C5A-4449-B90B-D4CBE4CA8018}.Ad-Hoc|iPhoneSimulator.Deploy.0 = Release|Any CPU
		{9E15AFEF-2C5A-4449-B90B-D4CBE4CA8018}.Ad-Hoc|x64.ActiveCfg = Release|Any CPU
		{9E15AFEF-2C5A-4449-B90B-D4CBE4CA8018}.Ad-Hoc|x64.Build.0 = Release|Any CPU
		{9E15AFEF-2C5A-4449-B90B-D4CBE4CA8018}.Ad-Hoc|x64.Deploy.0 = Release|Any CPU
		{9E15AFEF-2C5A-4449-B90B-D4CBE4CA8018}.Ad-Hoc|x86.ActiveCfg = Release|Any CPU
		{9E15AFEF-2C5A-4449-B90B-D4CBE4CA8018}.Ad-Hoc|x86.Build.0 = Release|Any CPU
		{9E15AFEF-2C5A-4449-B90B-D4CBE4CA8018}.Ad-Hoc|x86.Deploy.0 = Release|Any CPU
		{9E15AFEF-2C5A-4449-B90B-D4CBE4CA8018}.AppStore|Any CPU.ActiveCfg = Release|Any CPU
		{9E15AFEF-2C5A-4449-B90B-D4CBE4CA8018}.AppStore|Any CPU.Build.0 = Release|Any CPU
		{9E15AFEF-2C5A-4449-B90B-D4CBE4CA8018}.AppStore|Any CPU.Deploy.0 = Release|Any CPU
		{9E15AFEF-2C5A-4449-B90B-D4CBE4CA8018}.AppStore|ARM.ActiveCfg = Release|Any CPU
		{9E15AFEF-2C5A-4449-B90B-D4CBE4CA8018}.AppStore|ARM.Build.0 = Release|Any CPU
		{9E15AFEF-2C5A-4449-B90B-D4CBE4CA8018}.AppStore|ARM.Deploy.0 = Release|Any CPU
		{9E15AFEF-2C5A-4449-B90B-D4CBE4CA8018}.AppStore|iPhone.ActiveCfg = Release|Any CPU
		{9E15AFEF-2C5A-4449-B90B-D4CBE4CA8018}.AppStore|iPhone.Build.0 = Release|Any CPU
		{9E15AFEF-2C5A-4449-B90B-D4CBE4CA8018}.AppStore|iPhone.Deploy.0 = Release|Any CPU
		{9E15AFEF-2C5A-4449-B90B-D4CBE4CA8018}.AppStore|iPhoneSimulator.ActiveCfg = Release|Any CPU
		{9E15AFEF-2C5A-4449-B90B-D4CBE4CA8018}.AppStore|iPhoneSimulator.Build.0 = Release|Any CPU
		{9E15AFEF-2C5A-4449-B90B-D4CBE4CA8018}.AppStore|iPhoneSimulator.Deploy.0 = Release|Any CPU
		{9E15AFEF-2C5A-4449-B90B-D4CBE4CA8018}.AppStore|x64.ActiveCfg = Release|Any CPU
		{9E15AFEF-2C5A-4449-B90B-D4CBE4CA8018}.AppStore|x64.Build.0 = Release|Any CPU
		{9E15AFEF-2C5A-4449-B90B-D4CBE4CA8018}.AppStore|x64.Deploy.0 = Release|Any CPU
		{9E15AFEF-2C5A-4449-B90B-D4CBE4CA8018}.AppStore|x86.ActiveCfg = Release|Any CPU
		{9E15AFEF-2C5A-4449-B90B-D4CBE4CA8018}.AppStore|x86.Build.0 = Release|Any CPU
		{9E15AFEF-2C5A-4449-B90B-D4CBE4CA8018}.AppStore|x86.Deploy.0 = Release|Any CPU
		{9E15AFEF-2C5A-4449-B90B-D4CBE4CA8018}.Debug|Any CPU.ActiveCfg = Debug|Any CPU
		{9E15AFEF-2C5A-4449-B90B-D4CBE4CA8018}.Debug|Any CPU.Build.0 = Debug|Any CPU
		{9E15AFEF-2C5A-4449-B90B-D4CBE4CA8018}.Debug|Any CPU.Deploy.0 = Debug|Any CPU
		{9E15AFEF-2C5A-4449-B90B-D4CBE4CA8018}.Debug|ARM.ActiveCfg = Debug|Any CPU
		{9E15AFEF-2C5A-4449-B90B-D4CBE4CA8018}.Debug|ARM.Build.0 = Debug|Any CPU
		{9E15AFEF-2C5A-4449-B90B-D4CBE4CA8018}.Debug|ARM.Deploy.0 = Debug|Any CPU
		{9E15AFEF-2C5A-4449-B90B-D4CBE4CA8018}.Debug|iPhone.ActiveCfg = Debug|Any CPU
		{9E15AFEF-2C5A-4449-B90B-D4CBE4CA8018}.Debug|iPhone.Build.0 = Debug|Any CPU
		{9E15AFEF-2C5A-4449-B90B-D4CBE4CA8018}.Debug|iPhone.Deploy.0 = Debug|Any CPU
		{9E15AFEF-2C5A-4449-B90B-D4CBE4CA8018}.Debug|iPhoneSimulator.ActiveCfg = Debug|Any CPU
		{9E15AFEF-2C5A-4449-B90B-D4CBE4CA8018}.Debug|iPhoneSimulator.Build.0 = Debug|Any CPU
		{9E15AFEF-2C5A-4449-B90B-D4CBE4CA8018}.Debug|iPhoneSimulator.Deploy.0 = Debug|Any CPU
		{9E15AFEF-2C5A-4449-B90B-D4CBE4CA8018}.Debug|x64.ActiveCfg = Debug|Any CPU
		{9E15AFEF-2C5A-4449-B90B-D4CBE4CA8018}.Debug|x64.Build.0 = Debug|Any CPU
		{9E15AFEF-2C5A-4449-B90B-D4CBE4CA8018}.Debug|x64.Deploy.0 = Debug|Any CPU
		{9E15AFEF-2C5A-4449-B90B-D4CBE4CA8018}.Debug|x86.ActiveCfg = Debug|Any CPU
		{9E15AFEF-2C5A-4449-B90B-D4CBE4CA8018}.Debug|x86.Build.0 = Debug|Any CPU
		{9E15AFEF-2C5A-4449-B90B-D4CBE4CA8018}.Debug|x86.Deploy.0 = Debug|Any CPU
		{9E15AFEF-2C5A-4449-B90B-D4CBE4CA8018}.Release|Any CPU.ActiveCfg = Release|Any CPU
		{9E15AFEF-2C5A-4449-B90B-D4CBE4CA8018}.Release|Any CPU.Build.0 = Release|Any CPU
		{9E15AFEF-2C5A-4449-B90B-D4CBE4CA8018}.Release|Any CPU.Deploy.0 = Release|Any CPU
		{9E15AFEF-2C5A-4449-B90B-D4CBE4CA8018}.Release|ARM.ActiveCfg = Release|Any CPU
		{9E15AFEF-2C5A-4449-B90B-D4CBE4CA8018}.Release|ARM.Build.0 = Release|Any CPU
		{9E15AFEF-2C5A-4449-B90B-D4CBE4CA8018}.Release|ARM.Deploy.0 = Release|Any CPU
		{9E15AFEF-2C5A-4449-B90B-D4CBE4CA8018}.Release|iPhone.ActiveCfg = Release|Any CPU
		{9E15AFEF-2C5A-4449-B90B-D4CBE4CA8018}.Release|iPhone.Build.0 = Release|Any CPU
		{9E15AFEF-2C5A-4449-B90B-D4CBE4CA8018}.Release|iPhone.Deploy.0 = Release|Any CPU
		{9E15AFEF-2C5A-4449-B90B-D4CBE4CA8018}.Release|iPhoneSimulator.ActiveCfg = Release|Any CPU
		{9E15AFEF-2C5A-4449-B90B-D4CBE4CA8018}.Release|iPhoneSimulator.Build.0 = Release|Any CPU
		{9E15AFEF-2C5A-4449-B90B-D4CBE4CA8018}.Release|iPhoneSimulator.Deploy.0 = Release|Any CPU
		{9E15AFEF-2C5A-4449-B90B-D4CBE4CA8018}.Release|x64.ActiveCfg = Release|Any CPU
		{9E15AFEF-2C5A-4449-B90B-D4CBE4CA8018}.Release|x64.Build.0 = Release|Any CPU
		{9E15AFEF-2C5A-4449-B90B-D4CBE4CA8018}.Release|x64.Deploy.0 = Release|Any CPU
		{9E15AFEF-2C5A-4449-B90B-D4CBE4CA8018}.Release|x86.ActiveCfg = Release|Any CPU
		{9E15AFEF-2C5A-4449-B90B-D4CBE4CA8018}.Release|x86.Build.0 = Release|Any CPU
		{9E15AFEF-2C5A-4449-B90B-D4CBE4CA8018}.Release|x86.Deploy.0 = Release|Any CPU
		{70C37EBF-976C-4FC1-9962-C0C55C1EDE2D}.Ad-Hoc|Any CPU.ActiveCfg = Ad-Hoc|iPhone
		{70C37EBF-976C-4FC1-9962-C0C55C1EDE2D}.Ad-Hoc|ARM.ActiveCfg = Ad-Hoc|iPhone
		{70C37EBF-976C-4FC1-9962-C0C55C1EDE2D}.Ad-Hoc|iPhone.ActiveCfg = Ad-Hoc|iPhone
		{70C37EBF-976C-4FC1-9962-C0C55C1EDE2D}.Ad-Hoc|iPhone.Build.0 = Ad-Hoc|iPhone
		{70C37EBF-976C-4FC1-9962-C0C55C1EDE2D}.Ad-Hoc|iPhoneSimulator.ActiveCfg = Ad-Hoc|iPhoneSimulator
		{70C37EBF-976C-4FC1-9962-C0C55C1EDE2D}.Ad-Hoc|iPhoneSimulator.Build.0 = Ad-Hoc|iPhoneSimulator
		{70C37EBF-976C-4FC1-9962-C0C55C1EDE2D}.Ad-Hoc|x64.ActiveCfg = Ad-Hoc|iPhone
		{70C37EBF-976C-4FC1-9962-C0C55C1EDE2D}.Ad-Hoc|x86.ActiveCfg = Ad-Hoc|iPhone
		{70C37EBF-976C-4FC1-9962-C0C55C1EDE2D}.AppStore|Any CPU.ActiveCfg = AppStore|iPhone
		{70C37EBF-976C-4FC1-9962-C0C55C1EDE2D}.AppStore|ARM.ActiveCfg = AppStore|iPhone
		{70C37EBF-976C-4FC1-9962-C0C55C1EDE2D}.AppStore|iPhone.ActiveCfg = AppStore|iPhone
		{70C37EBF-976C-4FC1-9962-C0C55C1EDE2D}.AppStore|iPhone.Build.0 = AppStore|iPhone
		{70C37EBF-976C-4FC1-9962-C0C55C1EDE2D}.AppStore|iPhoneSimulator.ActiveCfg = AppStore|iPhoneSimulator
		{70C37EBF-976C-4FC1-9962-C0C55C1EDE2D}.AppStore|iPhoneSimulator.Build.0 = AppStore|iPhoneSimulator
		{70C37EBF-976C-4FC1-9962-C0C55C1EDE2D}.AppStore|x64.ActiveCfg = AppStore|iPhone
		{70C37EBF-976C-4FC1-9962-C0C55C1EDE2D}.AppStore|x86.ActiveCfg = AppStore|iPhone
		{70C37EBF-976C-4FC1-9962-C0C55C1EDE2D}.Debug|Any CPU.ActiveCfg = Debug|iPhone
		{70C37EBF-976C-4FC1-9962-C0C55C1EDE2D}.Debug|ARM.ActiveCfg = Debug|iPhone
		{70C37EBF-976C-4FC1-9962-C0C55C1EDE2D}.Debug|iPhone.ActiveCfg = Debug|iPhone
		{70C37EBF-976C-4FC1-9962-C0C55C1EDE2D}.Debug|iPhone.Build.0 = Debug|iPhone
		{70C37EBF-976C-4FC1-9962-C0C55C1EDE2D}.Debug|iPhoneSimulator.ActiveCfg = Debug|iPhoneSimulator
		{70C37EBF-976C-4FC1-9962-C0C55C1EDE2D}.Debug|iPhoneSimulator.Build.0 = Debug|iPhoneSimulator
		{70C37EBF-976C-4FC1-9962-C0C55C1EDE2D}.Debug|x64.ActiveCfg = Debug|iPhone
		{70C37EBF-976C-4FC1-9962-C0C55C1EDE2D}.Debug|x86.ActiveCfg = Debug|iPhone
		{70C37EBF-976C-4FC1-9962-C0C55C1EDE2D}.Release|Any CPU.ActiveCfg = Release|iPhone
		{70C37EBF-976C-4FC1-9962-C0C55C1EDE2D}.Release|ARM.ActiveCfg = Release|iPhone
		{70C37EBF-976C-4FC1-9962-C0C55C1EDE2D}.Release|iPhone.ActiveCfg = Release|iPhone
		{70C37EBF-976C-4FC1-9962-C0C55C1EDE2D}.Release|iPhone.Build.0 = Release|iPhone
		{70C37EBF-976C-4FC1-9962-C0C55C1EDE2D}.Release|iPhoneSimulator.ActiveCfg = Release|iPhoneSimulator
		{70C37EBF-976C-4FC1-9962-C0C55C1EDE2D}.Release|iPhoneSimulator.Build.0 = Release|iPhoneSimulator
		{70C37EBF-976C-4FC1-9962-C0C55C1EDE2D}.Release|x64.ActiveCfg = Release|iPhone
		{70C37EBF-976C-4FC1-9962-C0C55C1EDE2D}.Release|x86.ActiveCfg = Release|iPhone
		{1C5158B0-9F65-435D-88DB-DA6561844F2B}.Ad-Hoc|Any CPU.ActiveCfg = Release|x86
		{1C5158B0-9F65-435D-88DB-DA6561844F2B}.Ad-Hoc|Any CPU.Build.0 = Release|x86
		{1C5158B0-9F65-435D-88DB-DA6561844F2B}.Ad-Hoc|Any CPU.Deploy.0 = Release|x86
		{1C5158B0-9F65-435D-88DB-DA6561844F2B}.Ad-Hoc|ARM.ActiveCfg = Release|ARM
		{1C5158B0-9F65-435D-88DB-DA6561844F2B}.Ad-Hoc|ARM.Build.0 = Release|ARM
		{1C5158B0-9F65-435D-88DB-DA6561844F2B}.Ad-Hoc|ARM.Deploy.0 = Release|ARM
		{1C5158B0-9F65-435D-88DB-DA6561844F2B}.Ad-Hoc|iPhone.ActiveCfg = Release|x86
		{1C5158B0-9F65-435D-88DB-DA6561844F2B}.Ad-Hoc|iPhone.Build.0 = Release|x86
		{1C5158B0-9F65-435D-88DB-DA6561844F2B}.Ad-Hoc|iPhone.Deploy.0 = Release|x86
		{1C5158B0-9F65-435D-88DB-DA6561844F2B}.Ad-Hoc|iPhoneSimulator.ActiveCfg = Release|x86
		{1C5158B0-9F65-435D-88DB-DA6561844F2B}.Ad-Hoc|iPhoneSimulator.Build.0 = Release|x86
		{1C5158B0-9F65-435D-88DB-DA6561844F2B}.Ad-Hoc|iPhoneSimulator.Deploy.0 = Release|x86
		{1C5158B0-9F65-435D-88DB-DA6561844F2B}.Ad-Hoc|x64.ActiveCfg = Release|x64
		{1C5158B0-9F65-435D-88DB-DA6561844F2B}.Ad-Hoc|x64.Build.0 = Release|x64
		{1C5158B0-9F65-435D-88DB-DA6561844F2B}.Ad-Hoc|x64.Deploy.0 = Release|x64
		{1C5158B0-9F65-435D-88DB-DA6561844F2B}.Ad-Hoc|x86.ActiveCfg = Release|x86
		{1C5158B0-9F65-435D-88DB-DA6561844F2B}.Ad-Hoc|x86.Build.0 = Release|x86
		{1C5158B0-9F65-435D-88DB-DA6561844F2B}.Ad-Hoc|x86.Deploy.0 = Release|x86
		{1C5158B0-9F65-435D-88DB-DA6561844F2B}.AppStore|Any CPU.ActiveCfg = Release|x86
		{1C5158B0-9F65-435D-88DB-DA6561844F2B}.AppStore|Any CPU.Build.0 = Release|x86
		{1C5158B0-9F65-435D-88DB-DA6561844F2B}.AppStore|Any CPU.Deploy.0 = Release|x86
		{1C5158B0-9F65-435D-88DB-DA6561844F2B}.AppStore|ARM.ActiveCfg = Release|ARM
		{1C5158B0-9F65-435D-88DB-DA6561844F2B}.AppStore|ARM.Build.0 = Release|ARM
		{1C5158B0-9F65-435D-88DB-DA6561844F2B}.AppStore|ARM.Deploy.0 = Release|ARM
		{1C5158B0-9F65-435D-88DB-DA6561844F2B}.AppStore|iPhone.ActiveCfg = Release|x86
		{1C5158B0-9F65-435D-88DB-DA6561844F2B}.AppStore|iPhone.Build.0 = Release|x86
		{1C5158B0-9F65-435D-88DB-DA6561844F2B}.AppStore|iPhone.Deploy.0 = Release|x86
		{1C5158B0-9F65-435D-88DB-DA6561844F2B}.AppStore|iPhoneSimulator.ActiveCfg = Release|x86
		{1C5158B0-9F65-435D-88DB-DA6561844F2B}.AppStore|iPhoneSimulator.Build.0 = Release|x86
		{1C5158B0-9F65-435D-88DB-DA6561844F2B}.AppStore|iPhoneSimulator.Deploy.0 = Release|x86
		{1C5158B0-9F65-435D-88DB-DA6561844F2B}.AppStore|x64.ActiveCfg = Release|x64
		{1C5158B0-9F65-435D-88DB-DA6561844F2B}.AppStore|x64.Build.0 = Release|x64
		{1C5158B0-9F65-435D-88DB-DA6561844F2B}.AppStore|x64.Deploy.0 = Release|x64
		{1C5158B0-9F65-435D-88DB-DA6561844F2B}.AppStore|x86.ActiveCfg = Release|x86
		{1C5158B0-9F65-435D-88DB-DA6561844F2B}.AppStore|x86.Build.0 = Release|x86
		{1C5158B0-9F65-435D-88DB-DA6561844F2B}.AppStore|x86.Deploy.0 = Release|x86
		{1C5158B0-9F65-435D-88DB-DA6561844F2B}.Debug|Any CPU.ActiveCfg = Debug|x86
		{1C5158B0-9F65-435D-88DB-DA6561844F2B}.Debug|ARM.ActiveCfg = Debug|ARM
		{1C5158B0-9F65-435D-88DB-DA6561844F2B}.Debug|ARM.Build.0 = Debug|ARM
		{1C5158B0-9F65-435D-88DB-DA6561844F2B}.Debug|ARM.Deploy.0 = Debug|ARM
		{1C5158B0-9F65-435D-88DB-DA6561844F2B}.Debug|iPhone.ActiveCfg = Debug|x86
		{1C5158B0-9F65-435D-88DB-DA6561844F2B}.Debug|iPhoneSimulator.ActiveCfg = Debug|x86
		{1C5158B0-9F65-435D-88DB-DA6561844F2B}.Debug|x64.ActiveCfg = Debug|x64
		{1C5158B0-9F65-435D-88DB-DA6561844F2B}.Debug|x64.Build.0 = Debug|x64
		{1C5158B0-9F65-435D-88DB-DA6561844F2B}.Debug|x64.Deploy.0 = Debug|x64
		{1C5158B0-9F65-435D-88DB-DA6561844F2B}.Debug|x86.ActiveCfg = Debug|x86
		{1C5158B0-9F65-435D-88DB-DA6561844F2B}.Debug|x86.Build.0 = Debug|x86
		{1C5158B0-9F65-435D-88DB-DA6561844F2B}.Debug|x86.Deploy.0 = Debug|x86
		{1C5158B0-9F65-435D-88DB-DA6561844F2B}.Release|Any CPU.ActiveCfg = Release|x86
		{1C5158B0-9F65-435D-88DB-DA6561844F2B}.Release|ARM.ActiveCfg = Release|ARM
		{1C5158B0-9F65-435D-88DB-DA6561844F2B}.Release|ARM.Build.0 = Release|ARM
		{1C5158B0-9F65-435D-88DB-DA6561844F2B}.Release|ARM.Deploy.0 = Release|ARM
		{1C5158B0-9F65-435D-88DB-DA6561844F2B}.Release|iPhone.ActiveCfg = Release|x86
		{1C5158B0-9F65-435D-88DB-DA6561844F2B}.Release|iPhoneSimulator.ActiveCfg = Release|x86
		{1C5158B0-9F65-435D-88DB-DA6561844F2B}.Release|x64.ActiveCfg = Release|x64
		{1C5158B0-9F65-435D-88DB-DA6561844F2B}.Release|x64.Build.0 = Release|x64
		{1C5158B0-9F65-435D-88DB-DA6561844F2B}.Release|x64.Deploy.0 = Release|x64
		{1C5158B0-9F65-435D-88DB-DA6561844F2B}.Release|x86.ActiveCfg = Release|x86
		{1C5158B0-9F65-435D-88DB-DA6561844F2B}.Release|x86.Build.0 = Release|x86
		{1C5158B0-9F65-435D-88DB-DA6561844F2B}.Release|x86.Deploy.0 = Release|x86
	EndGlobalSection
	GlobalSection(SolutionProperties) = preSolution
		HideSolutionNode = FALSE
	EndGlobalSection
	GlobalSection(ExtensibilityGlobals) = postSolution
		SolutionGuid = {609BFCF3-A367-4C8E-B1D1-3C926564A430}
	EndGlobalSection
EndGlobal
